
Microsoft Visual Studio Solution File, Format Version 12.00
# Visual Studio 15
VisualStudioVersion = 15.0.26430.14
MinimumVisualStudioVersion = 10.0.40219.1
Project("{FAE04EC0-301F-11D3-BF4B-00C04F79EFBC}") = "GoogleEarthPanoramaMaker", "GoogleEarthPanoramaMaker\GoogleEarthPanoramaMaker.csproj", "{3DCEC5BF-AFD5-4BEE-BBA2-A5A808B99B5A}"
EndProject
Global
	GlobalSection(SolutionConfigurationPlatforms) = preSolution
		Debug|Any CPU = Debug|Any CPU
		Release|Any CPU = Release|Any CPU
	EndGlobalSection
	GlobalSection(ProjectConfigurationPlatforms) = postSolution
		{3DCEC5BF-AFD5-4BEE-BBA2-A5A808B99B5A}.Debug|Any CPU.ActiveCfg = Debug|Any CPU
		{3DCEC5BF-AFD5-4BEE-BBA2-A5A808B99B5A}.Debug|Any CPU.Build.0 = Debug|Any CPU
		{3DCEC5BF-AFD5-4BEE-BBA2-A5A808B99B5A}.Release|Any CPU.ActiveCfg = Release|Any CPU
		{3DCEC5BF-AFD5-4BEE-BBA2-A5A808B99B5A}.Release|Any CPU.Build.0 = Release|Any CPU
	EndGlobalSection
	GlobalSection(SolutionProperties) = preSolution
		HideSolutionNode = FALSE
	EndGlobalSection
EndGlobal
